
Microsoft Visual Studio Solution File, Format Version 12.00
# Visual Studio 15
VisualStudioVersion = 15.0.27130.2027
MinimumVisualStudioVersion = 10.0.40219.1
Project("{FAE04EC0-301F-11D3-BF4B-00C04F79EFBC}") = "UP.Practice.Core.API", "UP.Practice.Core.API\UP.Practice.Core.API.csproj", "{8B93AE56-42C9-41C2-B59F-2A4060FED7D4}"
EndProject
Project("{E53339B2-1760-4266-BCC7-CA923CBCF16C}") = "docker-compose", "docker-compose.dcproj", "{F969974D-D4C1-47D3-91F8-58B659FCCD11}"
EndProject
Project("{FAE04EC0-301F-11D3-BF4B-00C04F79EFBC}") = "UP.Practice.Core.Console", "UP.Practice.Core.Console\UP.Practice.Core.Console.csproj", "{F92E67A6-14BD-4A88-A885-7262D2F77925}"
EndProject
Global
	GlobalSection(SolutionConfigurationPlatforms) = preSolution
		Debug|Any CPU = Debug|Any CPU
		Release|Any CPU = Release|Any CPU
	EndGlobalSection
	GlobalSection(ProjectConfigurationPlatforms) = postSolution
		{8B93AE56-42C9-41C2-B59F-2A4060FED7D4}.Debug|Any CPU.ActiveCfg = Debug|Any CPU
		{8B93AE56-42C9-41C2-B59F-2A4060FED7D4}.Debug|Any CPU.Build.0 = Debug|Any CPU
		{8B93AE56-42C9-41C2-B59F-2A4060FED7D4}.Release|Any CPU.ActiveCfg = Release|Any CPU
		{8B93AE56-42C9-41C2-B59F-2A4060FED7D4}.Release|Any CPU.Build.0 = Release|Any CPU
		{F969974D-D4C1-47D3-91F8-58B659FCCD11}.Debug|Any CPU.ActiveCfg = Debug|Any CPU
		{F969974D-D4C1-47D3-91F8-58B659FCCD11}.Debug|Any CPU.Build.0 = Debug|Any CPU
		{F969974D-D4C1-47D3-91F8-58B659FCCD11}.Release|Any CPU.ActiveCfg = Release|Any CPU
		{F969974D-D4C1-47D3-91F8-58B659FCCD11}.Release|Any CPU.Build.0 = Release|Any CPU
		{F92E67A6-14BD-4A88-A885-7262D2F77925}.Debug|Any CPU.ActiveCfg = Debug|Any CPU
		{F92E67A6-14BD-4A88-A885-7262D2F77925}.Debug|Any CPU.Build.0 = Debug|Any CPU
		{F92E67A6-14BD-4A88-A885-7262D2F77925}.Release|Any CPU.ActiveCfg = Release|Any CPU
		{F92E67A6-14BD-4A88-A885-7262D2F77925}.Release|Any CPU.Build.0 = Release|Any CPU
	EndGlobalSection
	GlobalSection(SolutionProperties) = preSolution
		HideSolutionNode = FALSE
	EndGlobalSection
	GlobalSection(ExtensibilityGlobals) = postSolution
		SolutionGuid = {72C46672-6EDD-494B-8F7E-99091B12C78E}
	EndGlobalSection
EndGlobal
